
Microsoft Visual Studio Solution File, Format Version 12.00
# Visual Studio 14
VisualStudioVersion = 14.0.25420.1
MinimumVisualStudioVersion = 10.0.40219.1
Project("{FAE04EC0-301F-11D3-BF4B-00C04F79EFBC}") = "Hello", "DataStructuresAndAlgorithm\Hello.csproj", "{8DADE4F8-9F39-426F-9A56-DF6566B2A045}"
EndProject
Project("{FAE04EC0-301F-11D3-BF4B-00C04F79EFBC}") = "计算平均周岁", "计算平均周岁\计算平均周岁.csproj", "{39D1506E-4ED8-46AF-8F94-09291E723500}"
EndProject
Project("{FAE04EC0-301F-11D3-BF4B-00C04F79EFBC}") = "鸡", "鸡\鸡.csproj", "{6108BDC7-9CA4-43D1-8F25-0F5333A5AB7F}"
EndProject
Project("{FAE04EC0-301F-11D3-BF4B-00C04F79EFBC}") = "扑克", "扑克\扑克.csproj", "{A5250692-AE8B-4372-BA31-61E715F6C8FA}"
EndProject
Project("{FAE04EC0-301F-11D3-BF4B-00C04F79EFBC}") = "人工智能", "人工智能\人工智能.csproj", "{68C031C2-A655-4CD0-909B-14F6F84CFAC6}"
EndProject
Project("{FAE04EC0-301F-11D3-BF4B-00C04F79EFBC}") = "数据元素和描述", "数据元素和描述\数据元素和描述.csproj", "{5C7462AC-E6D9-4C52-8528-E9A1B76720DA}"
EndProject
Project("{FAE04EC0-301F-11D3-BF4B-00C04F79EFBC}") = "字典集合", "字典集合\字典集合.csproj", "{96C01546-A542-4D11-9204-069F4FF94CF7}"
EndProject
Project("{FAE04EC0-301F-11D3-BF4B-00C04F79EFBC}") = "HelloWord", "HelloWord\HelloWord.csproj", "{373B892E-96A5-44B6-B7E0-A222F6487749}"
EndProject
Global
	GlobalSection(SolutionConfigurationPlatforms) = preSolution
		Debug|Any CPU = Debug|Any CPU
		Release|Any CPU = Release|Any CPU
	EndGlobalSection
	GlobalSection(ProjectConfigurationPlatforms) = postSolution
		{8DADE4F8-9F39-426F-9A56-DF6566B2A045}.Debug|Any CPU.ActiveCfg = Debug|Any CPU
		{8DADE4F8-9F39-426F-9A56-DF6566B2A045}.Debug|Any CPU.Build.0 = Debug|Any CPU
		{8DADE4F8-9F39-426F-9A56-DF6566B2A045}.Release|Any CPU.ActiveCfg = Release|Any CPU
		{8DADE4F8-9F39-426F-9A56-DF6566B2A045}.Release|Any CPU.Build.0 = Release|Any CPU
		{39D1506E-4ED8-46AF-8F94-09291E723500}.Debug|Any CPU.ActiveCfg = Debug|Any CPU
		{39D1506E-4ED8-46AF-8F94-09291E723500}.Debug|Any CPU.Build.0 = Debug|Any CPU
		{39D1506E-4ED8-46AF-8F94-09291E723500}.Release|Any CPU.ActiveCfg = Release|Any CPU
		{39D1506E-4ED8-46AF-8F94-09291E723500}.Release|Any CPU.Build.0 = Release|Any CPU
		{6108BDC7-9CA4-43D1-8F25-0F5333A5AB7F}.Debug|Any CPU.ActiveCfg = Debug|Any CPU
		{6108BDC7-9CA4-43D1-8F25-0F5333A5AB7F}.Debug|Any CPU.Build.0 = Debug|Any CPU
		{6108BDC7-9CA4-43D1-8F25-0F5333A5AB7F}.Release|Any CPU.ActiveCfg = Release|Any CPU
		{6108BDC7-9CA4-43D1-8F25-0F5333A5AB7F}.Release|Any CPU.Build.0 = Release|Any CPU
		{A5250692-AE8B-4372-BA31-61E715F6C8FA}.Debug|Any CPU.ActiveCfg = Debug|Any CPU
		{A5250692-AE8B-4372-BA31-61E715F6C8FA}.Debug|Any CPU.Build.0 = Debug|Any CPU
		{A5250692-AE8B-4372-BA31-61E715F6C8FA}.Release|Any CPU.ActiveCfg = Release|Any CPU
		{A5250692-AE8B-4372-BA31-61E715F6C8FA}.Release|Any CPU.Build.0 = Release|Any CPU
		{68C031C2-A655-4CD0-909B-14F6F84CFAC6}.Debug|Any CPU.ActiveCfg = Debug|Any CPU
		{68C031C2-A655-4CD0-909B-14F6F84CFAC6}.Debug|Any CPU.Build.0 = Debug|Any CPU
		{68C031C2-A655-4CD0-909B-14F6F84CFAC6}.Release|Any CPU.ActiveCfg = Release|Any CPU
		{68C031C2-A655-4CD0-909B-14F6F84CFAC6}.Release|Any CPU.Build.0 = Release|Any CPU
		{5C7462AC-E6D9-4C52-8528-E9A1B76720DA}.Debug|Any CPU.ActiveCfg = Debug|Any CPU
		{5C7462AC-E6D9-4C52-8528-E9A1B76720DA}.Debug|Any CPU.Build.0 = Debug|Any CPU
		{5C7462AC-E6D9-4C52-8528-E9A1B76720DA}.Release|Any CPU.ActiveCfg = Release|Any CPU
		{5C7462AC-E6D9-4C52-8528-E9A1B76720DA}.Release|Any CPU.Build.0 = Release|Any CPU
		{96C01546-A542-4D11-9204-069F4FF94CF7}.Debug|Any CPU.ActiveCfg = Debug|Any CPU
		{96C01546-A542-4D11-9204-069F4FF94CF7}.Debug|Any CPU.Build.0 = Debug|Any CPU
		{96C01546-A542-4D11-9204-069F4FF94CF7}.Release|Any CPU.ActiveCfg = Release|Any CPU
		{96C01546-A542-4D11-9204-069F4FF94CF7}.Release|Any CPU.Build.0 = Release|Any CPU
		{373B892E-96A5-44B6-B7E0-A222F6487749}.Debug|Any CPU.ActiveCfg = Debug|Any CPU
		{373B892E-96A5-44B6-B7E0-A222F6487749}.Debug|Any CPU.Build.0 = Debug|Any CPU
		{373B892E-96A5-44B6-B7E0-A222F6487749}.Release|Any CPU.ActiveCfg = Release|Any CPU
		{373B892E-96A5-44B6-B7E0-A222F6487749}.Release|Any CPU.Build.0 = Release|Any CPU
	EndGlobalSection
	GlobalSection(SolutionProperties) = preSolution
		HideSolutionNode = FALSE
	EndGlobalSection
EndGlobal
